
Microsoft Visual Studio Solution File, Format Version 12.00
# Visual Studio Version 17
VisualStudioVersion = 17.7.34024.191
MinimumVisualStudioVersion = 10.0.40219.1
Project("{AA6C8D78-22FF-423A-9C7C-5F2393824E04}") = "Ex_FindPrimesMultiTask", "Ex_FindPrimesMultiTask.xsproj", "{E760BC52-B137-4B5E-B6C4-E3FD7D22AB4E}"
EndProject
Global
	GlobalSection(SolutionConfigurationPlatforms) = preSolution
		Debug|Any CPU = Debug|Any CPU
		Release|Any CPU = Release|Any CPU
	EndGlobalSection
	GlobalSection(ProjectConfigurationPlatforms) = postSolution
		{E760BC52-B137-4B5E-B6C4-E3FD7D22AB4E}.Debug|Any CPU.ActiveCfg = Debug|Any CPU
		{E760BC52-B137-4B5E-B6C4-E3FD7D22AB4E}.Debug|Any CPU.Build.0 = Debug|Any CPU
		{E760BC52-B137-4B5E-B6C4-E3FD7D22AB4E}.Release|Any CPU.ActiveCfg = Release|Any CPU
		{E760BC52-B137-4B5E-B6C4-E3FD7D22AB4E}.Release|Any CPU.Build.0 = Release|Any CPU
	EndGlobalSection
	GlobalSection(SolutionProperties) = preSolution
		HideSolutionNode = FALSE
	EndGlobalSection
	GlobalSection(ExtensibilityGlobals) = postSolution
		SolutionGuid = {A8A69692-7943-4126-B8D4-2B553B221AB6}
	EndGlobalSection
EndGlobal
